// !$*UTF8*$!
{
	archiveVersion = 1;
	classes = {
	};
	objectVersion = 50;
	objects = {

/* Begin PBXBuildFile section */
		F23A6E1825F192AB00494ABD /* CodeHistoryApp.swift in Sources */ = {isa = PBXBuildFile; fileRef = F23A6E1725F192AB00494ABD /* CodeHistoryApp.swift */; };
		F23A6E1A25F192AB00494ABD /* GameView.swift in Sources */ = {isa = PBXBuildFile; fileRef = F23A6E1925F192AB00494ABD /* GameView.swift */; };
		F23A6E1C25F192AD00494ABD /* Assets.xcassets in Resources */ = {isa = PBXBuildFile; fileRef = F23A6E1B25F192AD00494ABD /* Assets.xcassets */; };
		F23A6E1F25F192AD00494ABD /* Preview Assets.xcassets in Resources */ = {isa = PBXBuildFile; fileRef = F23A6E1E25F192AD00494ABD /* Preview Assets.xcassets */; };
		F23A6E2B25F19A3900494ABD /* ChoiceTextView.swift in Sources */ = {isa = PBXBuildFile; fileRef = F23A6E2A25F19A3900494ABD /* ChoiceTextView.swift */; };
		F23A6E2F25F19A6200494ABD /* Question.swift in Sources */ = {isa = PBXBuildFile; fileRef = F23A6E2E25F19A6200494ABD /* Question.swift */; };
		F23A6E3625F19D9000494ABD /* Game.swift in Sources */ = {isa = PBXBuildFile; fileRef = F23A6E3525F19D9000494ABD /* Game.swift */; };
		F23A6E3F25F1A14F00494ABD /* GameColor.swift in Sources */ = {isa = PBXBuildFile; fileRef = F23A6E3E25F1A14F00494ABD /* GameColor.swift */; };
		F23A6E4225F1A16400494ABD /* WelcomeView.swift in Sources */ = {isa = PBXBuildFile; fileRef = F23A6E4125F1A16400494ABD /* WelcomeView.swift */; };
		F23A6E4525F1A18900494ABD /* BottomTextView.swift in Sources */ = {isa = PBXBuildFile; fileRef = F23A6E4425F1A18900494ABD /* BottomTextView.swift */; };
		F23A6E4B25F1A39100494ABD /* GameViewModel.swift in Sources */ = {isa = PBXBuildFile; fileRef = F23A6E4A25F1A39100494ABD /* GameViewModel.swift */; };
		F23A6E5125F1A44700494ABD /* QuestionView.swift in Sources */ = {isa = PBXBuildFile; fileRef = F23A6E5025F1A44700494ABD /* QuestionView.swift */; };
		F23A6E5725F1A71500494ABD /* ScoreViewModel.swift in Sources */ = {isa = PBXBuildFile; fileRef = F23A6E5625F1A71500494ABD /* ScoreViewModel.swift */; };
		F23A6E5A25F1A78A00494ABD /* ScoreView.swift in Sources */ = {isa = PBXBuildFile; fileRef = F23A6E5925F1A78A00494ABD /* ScoreView.swift */; };
/* End PBXBuildFile section */

/* Begin PBXFileReference section */
		F23A6E1425F192AB00494ABD /* CodeHistory.app */ = {isa = PBXFileReference; explicitFileType = wrapper.application; includeInIndex = 0; path = CodeHistory.app; sourceTree = BUILT_PRODUCTS_DIR; };
		F23A6E1725F192AB00494ABD /* CodeHistoryApp.swift */ = {isa = PBXFileReference; lastKnownFileType = sourcecode.swift; path = CodeHistoryApp.swift; sourceTree = "<group>"; };
		F23A6E1925F192AB00494ABD /* GameView.swift */ = {isa = PBXFileReference; lastKnownFileType = sourcecode.swift; path = GameView.swift; sourceTree = "<group>"; };
		F23A6E1B25F192AD00494ABD /* Assets.xcassets */ = {isa = PBXFileReference; lastKnownFileType = folder.assetcatalog; path = Assets.xcassets; sourceTree = "<group>"; };
		F23A6E1E25F192AD00494ABD /* Preview Assets.xcassets */ = {isa = PBXFileReference; lastKnownFileType = folder.assetcatalog; path = "Preview Assets.xcassets"; sourceTree = "<group>"; };
		F23A6E2025F192AD00494ABD /* Info.plist */ = {isa = PBXFileReference; lastKnownFileType = text.plist.xml; path = Info.plist; sourceTree = "<group>"; };
		F23A6E2A25F19A3900494ABD /* ChoiceTextView.swift */ = {isa = PBXFileReference; lastKnownFileType = sourcecode.swift; path = ChoiceTextView.swift; sourceTree = "<group>"; };
		F23A6E2E25F19A6200494ABD /* Question.swift */ = {isa = PBXFileReference; lastKnownFileType = sourcecode.swift; path = Question.swift; sourceTree = "<group>"; };
		F23A6E3525F19D9000494ABD /* Game.swift */ = {isa = PBXFileReference; lastKnownFileType = sourcecode.swift; path = Game.swift; sourceTree = "<group>"; };
		F23A6E3E25F1A14F00494ABD /* GameColor.swift */ = {isa = PBXFileReference; lastKnownFileType = sourcecode.swift; path = GameColor.swift; sourceTree = "<group>"; };
		F23A6E4125F1A16400494ABD /* WelcomeView.swift */ = {isa = PBXFileReference; lastKnownFileType = sourcecode.swift; path = WelcomeView.swift; sourceTree = "<group>"; };
		F23A6E4425F1A18900494ABD /* BottomTextView.swift */ = {isa = PBXFileReference; lastKnownFileType = sourcecode.swift; path = BottomTextView.swift; sourceTree = "<group>"; };
		F23A6E4A25F1A39100494ABD /* GameViewModel.swift */ = {isa = PBXFileReference; lastKnownFileType = sourcecode.swift; path = GameViewModel.swift; sourceTree = "<group>"; };
		F23A6E5025F1A44700494ABD /* QuestionView.swift */ = {isa = PBXFileReference; lastKnownFileType = sourcecode.swift; path = QuestionView.swift; sourceTree = "<group>"; };
		F23A6E5625F1A71500494ABD /* ScoreViewModel.swift */ = {isa = PBXFileReference; lastKnownFileType = sourcecode.swift; path = ScoreViewModel.swift; sourceTree = "<group>"; };
		F23A6E5925F1A78A00494ABD /* ScoreView.swift */ = {isa = PBXFileReference; lastKnownFileType = sourcecode.swift; path = ScoreView.swift; sourceTree = "<group>"; };
/* End PBXFileReference section */

/* Begin PBXFrameworksBuildPhase section */
		F23A6E1125F192AB00494ABD /* Frameworks */ = {
			isa = PBXFrameworksBuildPhase;
			buildActionMask = 2147483647;
			files = (
			);
			runOnlyForDeploymentPostprocessing = 0;
		};
/* End PBXFrameworksBuildPhase section */

/* Begin PBXGroup section */
		F23A6E0B25F192AB00494ABD = {
			isa = PBXGroup;
			children = (
				F23A6E1625F192AB00494ABD /* CodeHistory */,
				F23A6E1525F192AB00494ABD /* Products */,
			);
			sourceTree = "<group>";
		};
		F23A6E1525F192AB00494ABD /* Products */ = {
			isa = PBXGroup;
			children = (
				F23A6E1425F192AB00494ABD /* CodeHistory.app */,
			);
			name = Products;
			sourceTree = "<group>";
		};
		F23A6E1625F192AB00494ABD /* CodeHistory */ = {
			isa = PBXGroup;
			children = (
				F23A6E1725F192AB00494ABD /* CodeHistoryApp.swift */,
				F23A6E3825F19D9400494ABD /* Models */,
				F23A6E3325F19D7300494ABD /* Views */,
				F23A6E4E25F1A39700494ABD /* ViewModels */,
				F23A6E1B25F192AD00494ABD /* Assets.xcassets */,
				F23A6E2025F192AD00494ABD /* Info.plist */,
				F23A6E1D25F192AD00494ABD /* Preview Content */,
			);
			path = CodeHistory;
			sourceTree = "<group>";
		};
		F23A6E1D25F192AD00494ABD /* Preview Content */ = {
			isa = PBXGroup;
			children = (
				F23A6E1E25F192AD00494ABD /* Preview Assets.xcassets */,
			);
			path = "Preview Content";
			sourceTree = "<group>";
		};
		F23A6E3325F19D7300494ABD /* Views */ = {
			isa = PBXGroup;
			children = (
				F23A6E2A25F19A3900494ABD /* ChoiceTextView.swift */,
				F23A6E3E25F1A14F00494ABD /* GameColor.swift */,
				F23A6E4125F1A16400494ABD /* WelcomeView.swift */,
				F23A6E4425F1A18900494ABD /* BottomTextView.swift */,
				F23A6E1925F192AB00494ABD /* GameView.swift */,
				F23A6E5025F1A44700494ABD /* QuestionView.swift */,
				F23A6E5925F1A78A00494ABD /* ScoreView.swift */,
			);
			path = Views;
			sourceTree = "<group>";
		};
		F23A6E3825F19D9400494ABD /* Models */ = {
			isa = PBXGroup;
			children = (
				F23A6E2E25F19A6200494ABD /* Question.swift */,
				F23A6E3525F19D9000494ABD /* Game.swift */,
			);
			path = Models;
			sourceTree = "<group>";
		};
		F23A6E4E25F1A39700494ABD /* ViewModels */ = {
			isa = PBXGroup;
			children = (
				F23A6E4A25F1A39100494ABD /* GameViewModel.swift */,
				F23A6E5625F1A71500494ABD /* ScoreViewModel.swift */,
			);
			path = ViewModels;
			sourceTree = "<group>";
		};
/* End PBXGroup section */

/* Begin PBXNativeTarget section */
		F23A6E1325F192AB00494ABD /* CodeHistory */ = {
			isa = PBXNativeTarget;
			buildConfigurationList = F23A6E2325F192AD00494ABD /* Build configuration list for PBXNativeTarget "CodeHistory" */;
			buildPhases = (
				F23A6E1025F192AB00494ABD /* Sources */,
				F23A6E1125F192AB00494ABD /* Frameworks */,
				F23A6E1225F192AB00494ABD /* Resources */,
			);
			buildRules = (
			);
			dependencies = (
			);
			name = CodeHistory;
			productName = CodeHistory;
			productReference = F23A6E1425F192AB00494ABD /* CodeHistory.app */;
			productType = "com.apple.product-type.application";
		};
/* End PBXNativeTarget section */

/* Begin PBXProject section */
		F23A6E0C25F192AB00494ABD /* Project object */ = {
			isa = PBXProject;
			attributes = {
				LastSwiftUpdateCheck = 1240;
				LastUpgradeCheck = 1240;
				TargetAttributes = {
					F23A6E1325F192AB00494ABD = {
						CreatedOnToolsVersion = 12.4;
					};
				};
			};
			buildConfigurationList = F23A6E0F25F192AB00494ABD /* Build configuration list for PBXProject "CodeHistory" */;
			compatibilityVersion = "Xcode 9.3";
			developmentRegion = en;
			hasScannedForEncodings = 0;
			knownRegions = (
				en,
				Base,
			);
			mainGroup = F23A6E0B25F192AB00494ABD;
			productRefGroup = F23A6E1525F192AB00494ABD /* Products */;
			projectDirPath = "";
			projectRoot = "";
			targets = (
				F23A6E1325F192AB00494ABD /* CodeHistory */,
			);
		};
/* End PBXProject section */

/* Begin PBXResourcesBuildPhase section */
		F23A6E1225F192AB00494ABD /* Resources */ = {
			isa = PBXResourcesBuildPhase;
			buildActionMask = 2147483647;
			files = (
				F23A6E1F25F192AD00494ABD /* Preview Assets.xcassets in Resources */,
				F23A6E1C25F192AD00494ABD /* Assets.xcassets in Resources */,
			);
			runOnlyForDeploymentPostprocessing = 0;
		};
/* End PBXResourcesBuildPhase section */

/* Begin PBXSourcesBuildPhase section */
		F23A6E1025F192AB00494ABD /* Sources */ = {
			isa = PBXSourcesBuildPhase;
			buildActionMask = 2147483647;
			files = (
				F23A6E5725F1A71500494ABD /* ScoreViewModel.swift in Sources */,
				F23A6E5125F1A44700494ABD /* QuestionView.swift in Sources */,
				F23A6E4B25F1A39100494ABD /* GameViewModel.swift in Sources */,
				F23A6E1A25F192AB00494ABD /* GameView.swift in Sources */,
				F23A6E3F25F1A14F00494ABD /* GameColor.swift in Sources */,
				F23A6E5A25F1A78A00494ABD /* ScoreView.swift in Sources */,
				F23A6E3625F19D9000494ABD /* Game.swift in Sources */,
				F23A6E2F25F19A6200494ABD /* Question.swift in Sources */,
				F23A6E4525F1A18900494ABD /* BottomTextView.swift in Sources */,
				F23A6E1825F192AB00494ABD /* CodeHistoryApp.swift in Sources */,
				F23A6E2B25F19A3900494ABD /* ChoiceTextView.swift in Sources */,
				F23A6E4225F1A16400494ABD /* WelcomeView.swift in Sources */,
			);
			runOnlyForDeploymentPostprocessing = 0;
		};
/* End PBXSourcesBuildPhase section */

/* Begin XCBuildConfiguration section */
		F23A6E2125F192AD00494ABD /* Debug */ = {
			isa = XCBuildConfiguration;
			buildSettings = {
				ALWAYS_SEARCH_USER_PATHS = NO;
				CLANG_ANALYZER_NONNULL = YES;
				CLANG_ANALYZER_NUMBER_OBJECT_CONVERSION = YES_AGGRESSIVE;
				CLANG_CXX_LANGUAGE_STANDARD = "gnu++14";
				CLANG_CXX_LIBRARY = "libc++";
				CLANG_ENABLE_MODULES = YES;
				CLANG_ENABLE_OBJC_ARC = YES;
				CLANG_ENABLE_OBJC_WEAK = YES;
				CLANG_WARN_BLOCK_CAPTURE_AUTORELEASING = YES;
				CLANG_WARN_BOOL_CONVERSION = YES;
				CLANG_WARN_COMMA = YES;
				CLANG_WARN_CONSTANT_CONVERSION = YES;
				CLANG_WARN_DEPRECATED_OBJC_IMPLEMENTATIONS = YES;
				CLANG_WARN_DIRECT_OBJC_ISA_USAGE = YES_ERROR;
				CLANG_WARN_DOCUMENTATION_COMMENTS = YES;
				CLANG_WARN_EMPTY_BODY = YES;
				CLANG_WARN_ENUM_CONVERSION = YES;
				CLANG_WARN_INFINITE_RECURSION = YES;
				CLANG_WARN_INT_CONVERSION = YES;
				CLANG_WARN_NON_LITERAL_NULL_CONVERSION = YES;
				CLANG_WARN_OBJC_IMPLICIT_RETAIN_SELF = YES;
				CLANG_WARN_OBJC_LITERAL_CONVERSION = YES;
				CLANG_WARN_OBJC_ROOT_CLASS = YES_ERROR;
				CLANG_WARN_QUOTED_INCLUDE_IN_FRAMEWORK_HEADER = YES;
				CLANG_WARN_RANGE_LOOP_ANALYSIS = YES;
				CLANG_WARN_STRICT_PROTOTYPES = YES;
				CLANG_WARN_SUSPICIOUS_MOVE = YES;
				CLANG_WARN_UNGUARDED_AVAILABILITY = YES_AGGRESSIVE;
				CLANG_WARN_UNREACHABLE_CODE = YES;
				CLANG_WARN__DUPLICATE_METHOD_MATCH = YES;
				COPY_PHASE_STRIP = NO;
				DEBUG_INFORMATION_FORMAT = dwarf;
				ENABLE_STRICT_OBJC_MSGSEND = YES;
				ENABLE_TESTABILITY = YES;
				GCC_C_LANGUAGE_STANDARD = gnu11;
				GCC_DYNAMIC_NO_PIC = NO;
				GCC_NO_COMMON_BLOCKS = YES;
				GCC_OPTIMIZATION_LEVEL = 0;
				GCC_PREPROCESSOR_DEFINITIONS = (
					"DEBUG=1",
					"$(inherited)",
				);
				GCC_WARN_64_TO_32_BIT_CONVERSION = YES;
				GCC_WARN_ABOUT_RETURN_TYPE = YES_ERROR;
				GCC_WARN_UNDECLARED_SELECTOR = YES;
				GCC_WARN_UNINITIALIZED_AUTOS = YES_AGGRESSIVE;
				GCC_WARN_UNUSED_FUNCTION = YES;
				GCC_WARN_UNUSED_VARIABLE = YES;
				IPHONEOS_DEPLOYMENT_TARGET = 14.4;
				MTL_ENABLE_DEBUG_INFO = INCLUDE_SOURCE;
				MTL_FAST_MATH = YES;
				ONLY_ACTIVE_ARCH = YES;
				SDKROOT = iphoneos;
				SWIFT_ACTIVE_COMPILATION_CONDITIONS = DEBUG;
				SWIFT_OPTIMIZATION_LEVEL = "-Onone";
			};
			name = Debug;
		};
		F23A6E2225F192AD00494ABD /* Release */ = {
			isa = XCBuildConfiguration;
			buildSettings = {
				ALWAYS_SEARCH_USER_PATHS = NO;
				CLANG_ANALYZER_NONNULL = YES;
				CLANG_ANALYZER_NUMBER_OBJECT_CONVERSION = YES_AGGRESSIVE;
				CLANG_CXX_LANGUAGE_STANDARD = "gnu++14";
				CLANG_CXX_LIBRARY = "libc++";
				CLANG_ENABLE_MODULES = YES;
				CLANG_ENABLE_OBJC_ARC = YES;
				CLANG_ENABLE_OBJC_WEAK = YES;
				CLANG_WARN_BLOCK_CAPTURE_AUTORELEASING = YES;
				CLANG_WARN_BOOL_CONVERSION = YES;
				CLANG_WARN_COMMA = YES;
				CLANG_WARN_CONSTANT_CONVERSION = YES;
				CLANG_WARN_DEPRECATED_OBJC_IMPLEMENTATIONS = YES;
				CLANG_WARN_DIRECT_OBJC_ISA_USAGE = YES_ERROR;
				CLANG_WARN_DOCUMENTATION_COMMENTS = YES;
				CLANG_WARN_EMPTY_BODY = YES;
				CLANG_WARN_ENUM_CONVERSION = YES;
				CLANG_WARN_INFINITE_RECURSION = YES;
				CLANG_WARN_INT_CONVERSION = YES;
				CLANG_WARN_NON_LITERAL_NULL_CONVERSION = YES;
				CLANG_WARN_OBJC_IMPLICIT_RETAIN_SELF = YES;
				CLANG_WARN_OBJC_LITERAL_CONVERSION = YES;
				CLANG_WARN_OBJC_ROOT_CLASS = YES_ERROR;
				CLANG_WARN_QUOTED_INCLUDE_IN_FRAMEWORK_HEADER = YES;
				CLANG_WARN_RANGE_LOOP_ANALYSIS = YES;
				CLANG_WARN_STRICT_PROTOTYPES = YES;
				CLANG_WARN_SUSPICIOUS_MOVE = YES;
				CLANG_WARN_UNGUARDED_AVAILABILITY = YES_AGGRESSIVE;
				CLANG_WARN_UNREACHABLE_CODE = YES;
				CLANG_WARN__DUPLICATE_METHOD_MATCH = YES;
				COPY_PHASE_STRIP = NO;
				DEBUG_INFORMATION_FORMAT = "dwarf-with-dsym";
				ENABLE_NS_ASSERTIONS = NO;
				ENABLE_STRICT_OBJC_MSGSEND = YES;
				GCC_C_LANGUAGE_STANDARD = gnu11;
				GCC_NO_COMMON_BLOCKS = YES;
				GCC_WARN_64_TO_32_BIT_CONVERSION = YES;
				GCC_WARN_ABOUT_RETURN_TYPE = YES_ERROR;
				GCC_WARN_UNDECLARED_SELECTOR = YES;
				GCC_WARN_UNINITIALIZED_AUTOS = YES_AGGRESSIVE;
				GCC_WARN_UNUSED_FUNCTION = YES;
				GCC_WARN_UNUSED_VARIABLE = YES;
				IPHONEOS_DEPLOYMENT_TARGET = 14.4;
				MTL_ENABLE_DEBUG_INFO = NO;
				MTL_FAST_MATH = YES;
				SDKROOT = iphoneos;
				SWIFT_COMPILATION_MODE = wholemodule;
				SWIFT_OPTIMIZATION_LEVEL = "-O";
				VALIDATE_PRODUCT = YES;
			};
			name = Release;
		};
		F23A6E2425F192AD00494ABD /* Debug */ = {
			isa = XCBuildConfiguration;
			buildSettings = {
				ASSETCATALOG_COMPILER_APPICON_NAME = AppIcon;
				ASSETCATALOG_COMPILER_GLOBAL_ACCENT_COLOR_NAME = AccentColor;
				CODE_SIGN_STYLE = Automatic;
				DEVELOPMENT_ASSET_PATHS = "\"CodeHistory/Preview Content\"";
				ENABLE_PREVIEWS = YES;
				INFOPLIST_FILE = CodeHistory/Info.plist;
				IPHONEOS_DEPLOYMENT_TARGET = 14.0;
				LD_RUNPATH_SEARCH_PATHS = (
					"$(inherited)",
					"@executable_path/Frameworks",
				);
				PRODUCT_BUNDLE_IDENTIFIER = com.codecademy.CodeHistory;
				PRODUCT_NAME = "$(TARGET_NAME)";
				SWIFT_VERSION = 5.0;
				TARGETED_DEVICE_FAMILY = "1,2";
			};
			name = Debug;
		};
		F23A6E2525F192AD00494ABD /* Release */ = {
			isa = XCBuildConfiguration;
			buildSettings = {
				ASSETCATALOG_COMPILER_APPICON_NAME = AppIcon;
				ASSETCATALOG_COMPILER_GLOBAL_ACCENT_COLOR_NAME = AccentColor;
				CODE_SIGN_STYLE = Automatic;
				DEVELOPMENT_ASSET_PATHS = "\"CodeHistory/Preview Content\"";
				ENABLE_PREVIEWS = YES;
				INFOPLIST_FILE = CodeHistory/Info.plist;
				IPHONEOS_DEPLOYMENT_TARGET = 14.0;
				LD_RUNPATH_SEARCH_PATHS = (
					"$(inherited)",
					"@executable_path/Frameworks",
				);
				PRODUCT_BUNDLE_IDENTIFIER = com.codecademy.CodeHistory;
				PRODUCT_NAME = "$(TARGET_NAME)";
				SWIFT_VERSION = 5.0;
				TARGETED_DEVICE_FAMILY = "1,2";
			};
			name = Release;
		};
/* End XCBuildConfiguration section */

/* Begin XCConfigurationList section */
		F23A6E0F25F192AB00494ABD /* Build configuration list for PBXProject "CodeHistory" */ = {
			isa = XCConfigurationList;
			buildConfigurations = (
				F23A6E2125F192AD00494ABD /* Debug */,
				F23A6E2225F192AD00494ABD /* Release */,
			);
			defaultConfigurationIsVisible = 0;
			defaultConfigurationName = Release;
		};
		F23A6E2325F192AD00494ABD /* Build configuration list for PBXNativeTarget "CodeHistory" */ = {
			isa = XCConfigurationList;
			buildConfigurations = (
				F23A6E2425F192AD00494ABD /* Debug */,
				F23A6E2525F192AD00494ABD /* Release */,
			);
			defaultConfigurationIsVisible = 0;
			defaultConfigurationName = Release;
		};
/* End XCConfigurationList section */
	};
	rootObject = F23A6E0C25F192AB00494ABD /* Project object */;
}
